// !$*UTF8*$!
{
	archiveVersion = 1;
	classes = {
	};
	objectVersion = 50;
	objects = {

/* Begin PBXBuildFile section */
		DD39EC11246578F9001BDA02 /* AppDelegate.swift in Sources */ = {isa = PBXBuildFile; fileRef = DD39EC10246578F9001BDA02 /* AppDelegate.swift */; };
		DD39EC13246578F9001BDA02 /* SceneDelegate.swift in Sources */ = {isa = PBXBuildFile; fileRef = DD39EC12246578F9001BDA02 /* SceneDelegate.swift */; };
		DD39EC15246578F9001BDA02 /* ContentView.swift in Sources */ = {isa = PBXBuildFile; fileRef = DD39EC14246578F9001BDA02 /* ContentView.swift */; };
		DD39EC17246578FA001BDA02 /* Assets.xcassets in Resources */ = {isa = PBXBuildFile; fileRef = DD39EC16246578FA001BDA02 /* Assets.xcassets */; };
		DD39EC1A246578FA001BDA02 /* Preview Assets.xcassets in Resources */ = {isa = PBXBuildFile; fileRef = DD39EC19246578FA001BDA02 /* Preview Assets.xcassets */; };
		DD39EC1D246578FA001BDA02 /* LaunchScreen.storyboard in Resources */ = {isa = PBXBuildFile; fileRef = DD39EC1B246578FA001BDA02 /* LaunchScreen.storyboard */; };
		DD39EC28246578FA001BDA02 /* Weather_AppTests.swift in Sources */ = {isa = PBXBuildFile; fileRef = DD39EC27246578FA001BDA02 /* Weather_AppTests.swift */; };
		DD39EC33246578FA001BDA02 /* Weather_AppUITests.swift in Sources */ = {isa = PBXBuildFile; fileRef = DD39EC32246578FA001BDA02 /* Weather_AppUITests.swift */; };
		DD88BDB62479850500429779 /* WeatherGetter.swift in Sources */ = {isa = PBXBuildFile; fileRef = DD88BDB52479850500429779 /* WeatherGetter.swift */; };
/* End PBXBuildFile section */

/* Begin PBXContainerItemProxy section */
		DD39EC24246578FA001BDA02 /* PBXContainerItemProxy */ = {
			isa = PBXContainerItemProxy;
			containerPortal = DD39EC05246578F9001BDA02 /* Project object */;
			proxyType = 1;
			remoteGlobalIDString = DD39EC0C246578F9001BDA02;
			remoteInfo = "Weather App";
		};
		DD39EC2F246578FA001BDA02 /* PBXContainerItemProxy */ = {
			isa = PBXContainerItemProxy;
			containerPortal = DD39EC05246578F9001BDA02 /* Project object */;
			proxyType = 1;
			remoteGlobalIDString = DD39EC0C246578F9001BDA02;
			remoteInfo = "Weather App";
		};
/* End PBXContainerItemProxy section */

/* Begin PBXFileReference section */
		DD39EC0D246578F9001BDA02 /* Weather App.app */ = {isa = PBXFileReference; explicitFileType = wrapper.application; includeInIndex = 0; path = "Weather App.app"; sourceTree = BUILT_PRODUCTS_DIR; };
		DD39EC10246578F9001BDA02 /* AppDelegate.swift */ = {isa = PBXFileReference; lastKnownFileType = sourcecode.swift; path = AppDelegate.swift; sourceTree = "<group>"; };
		DD39EC12246578F9001BDA02 /* SceneDelegate.swift */ = {isa = PBXFileReference; lastKnownFileType = sourcecode.swift; path = SceneDelegate.swift; sourceTree = "<group>"; };
		DD39EC14246578F9001BDA02 /* ContentView.swift */ = {isa = PBXFileReference; lastKnownFileType = sourcecode.swift; path = ContentView.swift; sourceTree = "<group>"; };
		DD39EC16246578FA001BDA02 /* Assets.xcassets */ = {isa = PBXFileReference; lastKnownFileType = folder.assetcatalog; path = Assets.xcassets; sourceTree = "<group>"; };
		DD39EC19246578FA001BDA02 /* Preview Assets.xcassets */ = {isa = PBXFileReference; lastKnownFileType = folder.assetcatalog; path = "Preview Assets.xcassets"; sourceTree = "<group>"; };
		DD39EC1C246578FA001BDA02 /* Base */ = {isa = PBXFileReference; lastKnownFileType = file.storyboard; name = Base; path = Base.lproj/LaunchScreen.storyboard; sourceTree = "<group>"; };
		DD39EC1E246578FA001BDA02 /* Info.plist */ = {isa = PBXFileReference; lastKnownFileType = text.plist.xml; path = Info.plist; sourceTree = "<group>"; };
		DD39EC23246578FA001BDA02 /* Weather AppTests.xctest */ = {isa = PBXFileReference; explicitFileType = wrapper.cfbundle; includeInIndex = 0; path = "Weather AppTests.xctest"; sourceTree = BUILT_PRODUCTS_DIR; };
		DD39EC27246578FA001BDA02 /* Weather_AppTests.swift */ = {isa = PBXFileReference; lastKnownFileType = sourcecode.swift; path = Weather_AppTests.swift; sourceTree = "<group>"; };
		DD39EC29246578FA001BDA02 /* Info.plist */ = {isa = PBXFileReference; lastKnownFileType = text.plist.xml; path = Info.plist; sourceTree = "<group>"; };
		DD39EC2E246578FA001BDA02 /* Weather AppUITests.xctest */ = {isa = PBXFileReference; explicitFileType = wrapper.cfbundle; includeInIndex = 0; path = "Weather AppUITests.xctest"; sourceTree = BUILT_PRODUCTS_DIR; };
		DD39EC32246578FA001BDA02 /* Weather_AppUITests.swift */ = {isa = PBXFileReference; lastKnownFileType = sourcecode.swift; path = Weather_AppUITests.swift; sourceTree = "<group>"; };
		DD39EC34246578FA001BDA02 /* Info.plist */ = {isa = PBXFileReference; lastKnownFileType = text.plist.xml; path = Info.plist; sourceTree = "<group>"; };
		DD88BDB52479850500429779 /* WeatherGetter.swift */ = {isa = PBXFileReference; lastKnownFileType = sourcecode.swift; path = WeatherGetter.swift; sourceTree = "<group>"; };
/* End PBXFileReference section */

/* Begin PBXFrameworksBuildPhase section */
		DD39EC0A246578F9001BDA02 /* Frameworks */ = {
			isa = PBXFrameworksBuildPhase;
			buildActionMask = 2147483647;
			files = (
			);
			runOnlyForDeploymentPostprocessing = 0;
		};
		DD39EC20246578FA001BDA02 /* Frameworks */ = {
			isa = PBXFrameworksBuildPhase;
			buildActionMask = 2147483647;
			files = (
			);
			runOnlyForDeploymentPostprocessing = 0;
		};
		DD39EC2B246578FA001BDA02 /* Frameworks */ = {
			isa = PBXFrameworksBuildPhase;
			buildActionMask = 2147483647;
			files = (
			);
			runOnlyForDeploymentPostprocessing = 0;
		};
/* End PBXFrameworksBuildPhase section */

/* Begin PBXGroup section */
		DD39EC04246578F9001BDA02 = {
			isa = PBXGroup;
			children = (
				DD39EC0F246578F9001BDA02 /* Weather App */,
				DD39EC26246578FA001BDA02 /* Weather AppTests */,
				DD39EC31246578FA001BDA02 /* Weather AppUITests */,
				DD39EC0E246578F9001BDA02 /* Products */,
			);
			sourceTree = "<group>";
		};
		DD39EC0E246578F9001BDA02 /* Products */ = {
			isa = PBXGroup;
			children = (
				DD39EC0D246578F9001BDA02 /* Weather App.app */,
				DD39EC23246578FA001BDA02 /* Weather AppTests.xctest */,
				DD39EC2E246578FA001BDA02 /* Weather AppUITests.xctest */,
			);
			name = Products;
			sourceTree = "<group>";
		};
		DD39EC0F246578F9001BDA02 /* Weather App */ = {
			isa = PBXGroup;
			children = (
				DD39EC10246578F9001BDA02 /* AppDelegate.swift */,
				DD39EC12246578F9001BDA02 /* SceneDelegate.swift */,
				DD88BDB52479850500429779 /* WeatherGetter.swift */,
				DD39EC14246578F9001BDA02 /* ContentView.swift */,
				DD39EC16246578FA001BDA02 /* Assets.xcassets */,
				DD39EC1B246578FA001BDA02 /* LaunchScreen.storyboard */,
				DD39EC1E246578FA001BDA02 /* Info.plist */,
				DD39EC18246578FA001BDA02 /* Preview Content */,
			);
			path = "Weather App";
			sourceTree = "<group>";
		};
		DD39EC18246578FA001BDA02 /* Preview Content */ = {
			isa = PBXGroup;
			children = (
				DD39EC19246578FA001BDA02 /* Preview Assets.xcassets */,
			);
			path = "Preview Content";
			sourceTree = "<group>";
		};
		DD39EC26246578FA001BDA02 /* Weather AppTests */ = {
			isa = PBXGroup;
			children = (
				DD39EC27246578FA001BDA02 /* Weather_AppTests.swift */,
				DD39EC29246578FA001BDA02 /* Info.plist */,
			);
			path = "Weather AppTests";
			sourceTree = "<group>";
		};
		DD39EC31246578FA001BDA02 /* Weather AppUITests */ = {
			isa = PBXGroup;
			children = (
				DD39EC32246578FA001BDA02 /* Weather_AppUITests.swift */,
				DD39EC34246578FA001BDA02 /* Info.plist */,
			);
			path = "Weather AppUITests";
			sourceTree = "<group>";
		};
/* End PBXGroup section */

/* Begin PBXNativeTarget section */
		DD39EC0C246578F9001BDA02 /* Weather App */ = {
			isa = PBXNativeTarget;
			buildConfigurationList = DD39EC37246578FA001BDA02 /* Build configuration list for PBXNativeTarget "Weather App" */;
			buildPhases = (
				DD39EC09246578F9001BDA02 /* Sources */,
				DD39EC0A246578F9001BDA02 /* Frameworks */,
				DD39EC0B246578F9001BDA02 /* Resources */,
			);
			buildRules = (
			);
			dependencies = (
			);
			name = "Weather App";
			productName = "Weather App";
			productReference = DD39EC0D246578F9001BDA02 /* Weather App.app */;
			productType = "com.apple.product-type.application";
		};
		DD39EC22246578FA001BDA02 /* Weather AppTests */ = {
			isa = PBXNativeTarget;
			buildConfigurationList = DD39EC3A246578FA001BDA02 /* Build configuration list for PBXNativeTarget "Weather AppTests" */;
			buildPhases = (
				DD39EC1F246578FA001BDA02 /* Sources */,
				DD39EC20246578FA001BDA02 /* Frameworks */,
				DD39EC21246578FA001BDA02 /* Resources */,
			);
			buildRules = (
			);
			dependencies = (
				DD39EC25246578FA001BDA02 /* PBXTargetDependency */,
			);
			name = "Weather AppTests";
			productName = "Weather AppTests";
			productReference = DD39EC23246578FA001BDA02 /* Weather AppTests.xctest */;
			productType = "com.apple.product-type.bundle.unit-test";
		};
		DD39EC2D246578FA001BDA02 /* Weather AppUITests */ = {
			isa = PBXNativeTarget;
			buildConfigurationList = DD39EC3D246578FA001BDA02 /* Build configuration list for PBXNativeTarget "Weather AppUITests" */;
			buildPhases = (
				DD39EC2A246578FA001BDA02 /* Sources */,
				DD39EC2B246578FA001BDA02 /* Frameworks */,
				DD39EC2C246578FA001BDA02 /* Resources */,
			);
			buildRules = (
			);
			dependencies = (
				DD39EC30246578FA001BDA02 /* PBXTargetDependency */,
			);
			name = "Weather AppUITests";
			productName = "Weather AppUITests";
			productReference = DD39EC2E246578FA001BDA02 /* Weather AppUITests.xctest */;
			productType = "com.apple.product-type.bundle.ui-testing";
		};
/* End PBXNativeTarget section */

/* Begin PBXProject section */
		DD39EC05246578F9001BDA02 /* Project object */ = {
			isa = PBXProject;
			attributes = {
				LastSwiftUpdateCheck = 1130;
				LastUpgradeCheck = 1130;
				ORGANIZATIONNAME = "Oliver Curtis";
				TargetAttributes = {
					DD39EC0C246578F9001BDA02 = {
						CreatedOnToolsVersion = 11.3;
					};
					DD39EC22246578FA001BDA02 = {
						CreatedOnToolsVersion = 11.3;
						TestTargetID = DD39EC0C246578F9001BDA02;
					};
					DD39EC2D246578FA001BDA02 = {
						CreatedOnToolsVersion = 11.3;
						TestTargetID = DD39EC0C246578F9001BDA02;
					};
				};
			};
			buildConfigurationList = DD39EC08246578F9001BDA02 /* Build configuration list for PBXProject "Weather App" */;
			compatibilityVersion = "Xcode 9.3";
			developmentRegion = en;
			hasScannedForEncodings = 0;
			knownRegions = (
				en,
				Base,
			);
			mainGroup = DD39EC04246578F9001BDA02;
			productRefGroup = DD39EC0E246578F9001BDA02 /* Products */;
			projectDirPath = "";
			projectRoot = "";
			targets = (
				DD39EC0C246578F9001BDA02 /* Weather App */,
				DD39EC22246578FA001BDA02 /* Weather AppTests */,
				DD39EC2D246578FA001BDA02 /* Weather AppUITests */,
			);
		};
/* End PBXProject section */

/* Begin PBXResourcesBuildPhase section */
		DD39EC0B246578F9001BDA02 /* Resources */ = {
			isa = PBXResourcesBuildPhase;
			buildActionMask = 2147483647;
			files = (
				DD39EC1D246578FA001BDA02 /* LaunchScreen.storyboard in Resources */,
				DD39EC1A246578FA001BDA02 /* Preview Assets.xcassets in Resources */,
				DD39EC17246578FA001BDA02 /* Assets.xcassets in Resources */,
			);
			runOnlyForDeploymentPostprocessing = 0;
		};
		DD39EC21246578FA001BDA02 /* Resources */ = {
			isa = PBXResourcesBuildPhase;
			buildActionMask = 2147483647;
			files = (
			);
			runOnlyForDeploymentPostprocessing = 0;
		};
		DD39EC2C246578FA001BDA02 /* Resources */ = {
			isa = PBXResourcesBuildPhase;
			buildActionMask = 2147483647;
			files = (
			);
			runOnlyForDeploymentPostprocessing = 0;
		};
/* End PBXResourcesBuildPhase section */

/* Begin PBXSourcesBuildPhase section */
		DD39EC09246578F9001BDA02 /* Sources */ = {
			isa = PBXSourcesBuildPhase;
			buildActionMask = 2147483647;
			files = (
				DD39EC11246578F9001BDA02 /* AppDelegate.swift in Sources */,
				DD88BDB62479850500429779 /* WeatherGetter.swift in Sources */,
				DD39EC13246578F9001BDA02 /* SceneDelegate.swift in Sources */,
				DD39EC15246578F9001BDA02 /* ContentView.swift in Sources */,
			);
			runOnlyForDeploymentPostprocessing = 0;
		};
		DD39EC1F246578FA001BDA02 /* Sources */ = {
			isa = PBXSourcesBuildPhase;
			buildActionMask = 2147483647;
			files = (
				DD39EC28246578FA001BDA02 /* Weather_AppTests.swift in Sources */,
			);
			runOnlyForDeploymentPostprocessing = 0;
		};
		DD39EC2A246578FA001BDA02 /* Sources */ = {
			isa = PBXSourcesBuildPhase;
			buildActionMask = 2147483647;
			files = (
				DD39EC33246578FA001BDA02 /* Weather_AppUITests.swift in Sources */,
			);
			runOnlyForDeploymentPostprocessing = 0;
		};
/* End PBXSourcesBuildPhase section */

/* Begin PBXTargetDependency section */
		DD39EC25246578FA001BDA02 /* PBXTargetDependency */ = {
			isa = PBXTargetDependency;
			target = DD39EC0C246578F9001BDA02 /* Weather App */;
			targetProxy = DD39EC24246578FA001BDA02 /* PBXContainerItemProxy */;
		};
		DD39EC30246578FA001BDA02 /* PBXTargetDependency */ = {
			isa = PBXTargetDependency;
			target = DD39EC0C246578F9001BDA02 /* Weather App */;
			targetProxy = DD39EC2F246578FA001BDA02 /* PBXContainerItemProxy */;
		};
/* End PBXTargetDependency section */

/* Begin PBXVariantGroup section */
		DD39EC1B246578FA001BDA02 /* LaunchScreen.storyboard */ = {
			isa = PBXVariantGroup;
			children = (
				DD39EC1C246578FA001BDA02 /* Base */,
			);
			name = LaunchScreen.storyboard;
			sourceTree = "<group>";
		};
/* End PBXVariantGroup section */

/* Begin XCBuildConfiguration section */
		DD39EC35246578FA001BDA02 /* Debug */ = {
			isa = XCBuildConfiguration;
			buildSettings = {
				ALWAYS_SEARCH_USER_PATHS = NO;
				CLANG_ANALYZER_NONNULL = YES;
				CLANG_ANALYZER_NUMBER_OBJECT_CONVERSION = YES_AGGRESSIVE;
				CLANG_CXX_LANGUAGE_STANDARD = "gnu++14";
				CLANG_CXX_LIBRARY = "libc++";
				CLANG_ENABLE_MODULES = YES;
				CLANG_ENABLE_OBJC_ARC = YES;
				CLANG_ENABLE_OBJC_WEAK = YES;
				CLANG_WARN_BLOCK_CAPTURE_AUTORELEASING = YES;
				CLANG_WARN_BOOL_CONVERSION = YES;
				CLANG_WARN_COMMA = YES;
				CLANG_WARN_CONSTANT_CONVERSION = YES;
				CLANG_WARN_DEPRECATED_OBJC_IMPLEMENTATIONS = YES;
				CLANG_WARN_DIRECT_OBJC_ISA_USAGE = YES_ERROR;
				CLANG_WARN_DOCUMENTATION_COMMENTS = YES;
				CLANG_WARN_EMPTY_BODY = YES;
				CLANG_WARN_ENUM_CONVERSION = YES;
				CLANG_WARN_INFINITE_RECURSION = YES;
				CLANG_WARN_INT_CONVERSION = YES;
				CLANG_WARN_NON_LITERAL_NULL_CONVERSION = YES;
				CLANG_WARN_OBJC_IMPLICIT_RETAIN_SELF = YES;
				CLANG_WARN_OBJC_LITERAL_CONVERSION = YES;
				CLANG_WARN_OBJC_ROOT_CLASS = YES_ERROR;
				CLANG_WARN_RANGE_LOOP_ANALYSIS = YES;
				CLANG_WARN_STRICT_PROTOTYPES = YES;
				CLANG_WARN_SUSPICIOUS_MOVE = YES;
				CLANG_WARN_UNGUARDED_AVAILABILITY = YES_AGGRESSIVE;
				CLANG_WARN_UNREACHABLE_CODE = YES;
				CLANG_WARN__DUPLICATE_METHOD_MATCH = YES;
				COPY_PHASE_STRIP = NO;
				DEBUG_INFORMATION_FORMAT = dwarf;
				ENABLE_STRICT_OBJC_MSGSEND = YES;
				ENABLE_TESTABILITY = YES;
				GCC_C_LANGUAGE_STANDARD = gnu11;
				GCC_DYNAMIC_NO_PIC = NO;
				GCC_NO_COMMON_BLOCKS = YES;
				GCC_OPTIMIZATION_LEVEL = 0;
				GCC_PREPROCESSOR_DEFINITIONS = (
					"DEBUG=1",
					"$(inherited)",
				);
				GCC_WARN_64_TO_32_BIT_CONVERSION = YES;
				GCC_WARN_ABOUT_RETURN_TYPE = YES_ERROR;
				GCC_WARN_UNDECLARED_SELECTOR = YES;
				GCC_WARN_UNINITIALIZED_AUTOS = YES_AGGRESSIVE;
				GCC_WARN_UNUSED_FUNCTION = YES;
				GCC_WARN_UNUSED_VARIABLE = YES;
				IPHONEOS_DEPLOYMENT_TARGET = 13.2;
				MTL_ENABLE_DEBUG_INFO = INCLUDE_SOURCE;
				MTL_FAST_MATH = YES;
				ONLY_ACTIVE_ARCH = YES;
				SDKROOT = iphoneos;
				SWIFT_ACTIVE_COMPILATION_CONDITIONS = DEBUG;
				SWIFT_OPTIMIZATION_LEVEL = "-Onone";
			};
			name = Debug;
		};
		DD39EC36246578FA001BDA02 /* Release */ = {
			isa = XCBuildConfiguration;
			buildSettings = {
				ALWAYS_SEARCH_USER_PATHS = NO;
				CLANG_ANALYZER_NONNULL = YES;
				CLANG_ANALYZER_NUMBER_OBJECT_CONVERSION = YES_AGGRESSIVE;
				CLANG_CXX_LANGUAGE_STANDARD = "gnu++14";
				CLANG_CXX_LIBRARY = "libc++";
				CLANG_ENABLE_MODULES = YES;
				CLANG_ENABLE_OBJC_ARC = YES;
				CLANG_ENABLE_OBJC_WEAK = YES;
				CLANG_WARN_BLOCK_CAPTURE_AUTORELEASING = YES;
				CLANG_WARN_BOOL_CONVERSION = YES;
				CLANG_WARN_COMMA = YES;
				CLANG_WARN_CONSTANT_CONVERSION = YES;
				CLANG_WARN_DEPRECATED_OBJC_IMPLEMENTATIONS = YES;
				CLANG_WARN_DIRECT_OBJC_ISA_USAGE = YES_ERROR;
				CLANG_WARN_DOCUMENTATION_COMMENTS = YES;
				CLANG_WARN_EMPTY_BODY = YES;
				CLANG_WARN_ENUM_CONVERSION = YES;
				CLANG_WARN_INFINITE_RECURSION = YES;
				CLANG_WARN_INT_CONVERSION = YES;
				CLANG_WARN_NON_LITERAL_NULL_CONVERSION = YES;
				CLANG_WARN_OBJC_IMPLICIT_RETAIN_SELF = YES;
				CLANG_WARN_OBJC_LITERAL_CONVERSION = YES;
				CLANG_WARN_OBJC_ROOT_CLASS = YES_ERROR;
				CLANG_WARN_RANGE_LOOP_ANALYSIS = YES;
				CLANG_WARN_STRICT_PROTOTYPES = YES;
				CLANG_WARN_SUSPICIOUS_MOVE = YES;
				CLANG_WARN_UNGUARDED_AVAILABILITY = YES_AGGRESSIVE;
				CLANG_WARN_UNREACHABLE_CODE = YES;
				CLANG_WARN__DUPLICATE_METHOD_MATCH = YES;
				COPY_PHASE_STRIP = NO;
				DEBUG_INFORMATION_FORMAT = "dwarf-with-dsym";
				ENABLE_NS_ASSERTIONS = NO;
				ENABLE_STRICT_OBJC_MSGSEND = YES;
				GCC_C_LANGUAGE_STANDARD = gnu11;
				GCC_NO_COMMON_BLOCKS = YES;
				GCC_WARN_64_TO_32_BIT_CONVERSION = YES;
				GCC_WARN_ABOUT_RETURN_TYPE = YES_ERROR;
				GCC_WARN_UNDECLARED_SELECTOR = YES;
				GCC_WARN_UNINITIALIZED_AUTOS = YES_AGGRESSIVE;
				GCC_WARN_UNUSED_FUNCTION = YES;
				GCC_WARN_UNUSED_VARIABLE = YES;
				IPHONEOS_DEPLOYMENT_TARGET = 13.2;
				MTL_ENABLE_DEBUG_INFO = NO;
				MTL_FAST_MATH = YES;
				SDKROOT = iphoneos;
				SWIFT_COMPILATION_MODE = wholemodule;
				SWIFT_OPTIMIZATION_LEVEL = "-O";
				VALIDATE_PRODUCT = YES;
			};
			name = Release;
		};
		DD39EC38246578FA001BDA02 /* Debug */ = {
			isa = XCBuildConfiguration;
			buildSettings = {
				ASSETCATALOG_COMPILER_APPICON_NAME = AppIcon;
				CODE_SIGN_STYLE = Automatic;
				DEVELOPMENT_ASSET_PATHS = "\"Weather App/Preview Content\"";
				DEVELOPMENT_TEAM = B696887KFH;
				ENABLE_PREVIEWS = YES;
				INFOPLIST_FILE = "Weather App/Info.plist";
				LD_RUNPATH_SEARCH_PATHS = (
					"$(inherited)",
					"@executable_path/Frameworks",
				);
				PRODUCT_BUNDLE_IDENTIFIER = "com.sunshinesoftware.Weather-App";
				PRODUCT_NAME = "$(TARGET_NAME)";
				SWIFT_VERSION = 5.0;
				TARGETED_DEVICE_FAMILY = "1,2";
			};
			name = Debug;
		};
		DD39EC39246578FA001BDA02 /* Release */ = {
			isa = XCBuildConfiguration;
			buildSettings = {
				ASSETCATALOG_COMPILER_APPICON_NAME = AppIcon;
				CODE_SIGN_STYLE = Automatic;
				DEVELOPMENT_ASSET_PATHS = "\"Weather App/Preview Content\"";
				DEVELOPMENT_TEAM = B696887KFH;
				ENABLE_PREVIEWS = YES;
				INFOPLIST_FILE = "Weather App/Info.plist";
				LD_RUNPATH_SEARCH_PATHS = (
					"$(inherited)",
					"@executable_path/Frameworks",
				);
				PRODUCT_BUNDLE_IDENTIFIER = "com.sunshinesoftware.Weather-App";
				PRODUCT_NAME = "$(TARGET_NAME)";
				SWIFT_VERSION = 5.0;
				TARGETED_DEVICE_FAMILY = "1,2";
			};
			name = Release;
		};
		DD39EC3B246578FA001BDA02 /* Debug */ = {
			isa = XCBuildConfiguration;
			buildSettings = {
				ALWAYS_EMBED_SWIFT_STANDARD_LIBRARIES = YES;
				BUNDLE_LOADER = "$(TEST_HOST)";
				CODE_SIGN_STYLE = Automatic;
				DEVELOPMENT_TEAM = B696887KFH;
				INFOPLIST_FILE = "Weather AppTests/Info.plist";
				IPHONEOS_DEPLOYMENT_TARGET = 13.2;
				LD_RUNPATH_SEARCH_PATHS = (
					"$(inherited)",
					"@executable_path/Frameworks",
					"@loader_path/Frameworks",
				);
				PRODUCT_BUNDLE_IDENTIFIER = "com.sunshinesoftware.Weather-AppTests";
				PRODUCT_NAME = "$(TARGET_NAME)";
				SWIFT_VERSION = 5.0;
				TARGETED_DEVICE_FAMILY = "1,2";
				TEST_HOST = "$(BUILT_PRODUCTS_DIR)/Weather App.app/Weather App";
			};
			name = Debug;
		};
		DD39EC3C246578FA001BDA02 /* Release */ = {
			isa = XCBuildConfiguration;
			buildSettings = {
				ALWAYS_EMBED_SWIFT_STANDARD_LIBRARIES = YES;
				BUNDLE_LOADER = "$(TEST_HOST)";
				CODE_SIGN_STYLE = Automatic;
				DEVELOPMENT_TEAM = B696887KFH;
				INFOPLIST_FILE = "Weather AppTests/Info.plist";
				IPHONEOS_DEPLOYMENT_TARGET = 13.2;
				LD_RUNPATH_SEARCH_PATHS = (
					"$(inherited)",
					"@executable_path/Frameworks",
					"@loader_path/Frameworks",
				);
				PRODUCT_BUNDLE_IDENTIFIER = "com.sunshinesoftware.Weather-AppTests";
				PRODUCT_NAME = "$(TARGET_NAME)";
				SWIFT_VERSION = 5.0;
				TARGETED_DEVICE_FAMILY = "1,2";
				TEST_HOST = "$(BUILT_PRODUCTS_DIR)/Weather App.app/Weather App";
			};
			name = Release;
		};
		DD39EC3E246578FA001BDA02 /* Debug */ = {
			isa = XCBuildConfiguration;
			buildSettings = {
				ALWAYS_EMBED_SWIFT_STANDARD_LIBRARIES = YES;
				CODE_SIGN_STYLE = Automatic;
				DEVELOPMENT_TEAM = B696887KFH;
				INFOPLIST_FILE = "Weather AppUITests/Info.plist";
				LD_RUNPATH_SEARCH_PATHS = (
					"$(inherited)",
					"@executable_path/Frameworks",
					"@loader_path/Frameworks",
				);
				PRODUCT_BUNDLE_IDENTIFIER = "com.sunshinesoftware.Weather-AppUITests";
				PRODUCT_NAME = "$(TARGET_NAME)";
				SWIFT_VERSION = 5.0;
				TARGETED_DEVICE_FAMILY = "1,2";
				TEST_TARGET_NAME = "Weather App";
			};
			name = Debug;
		};
		DD39EC3F246578FA001BDA02 /* Release */ = {
			isa = XCBuildConfiguration;
			buildSettings = {
				ALWAYS_EMBED_SWIFT_STANDARD_LIBRARIES = YES;
				CODE_SIGN_STYLE = Automatic;
				DEVELOPMENT_TEAM = B696887KFH;
				INFOPLIST_FILE = "Weather AppUITests/Info.plist";
				LD_RUNPATH_SEARCH_PATHS = (
					"$(inherited)",
					"@executable_path/Frameworks",
					"@loader_path/Frameworks",
				);
				PRODUCT_BUNDLE_IDENTIFIER = "com.sunshinesoftware.Weather-AppUITests";
				PRODUCT_NAME = "$(TARGET_NAME)";
				SWIFT_VERSION = 5.0;
				TARGETED_DEVICE_FAMILY = "1,2";
				TEST_TARGET_NAME = "Weather App";
			};
			name = Release;
		};
/* End XCBuildConfiguration section */

/* Begin XCConfigurationList section */
		DD39EC08246578F9001BDA02 /* Build configuration list for PBXProject "Weather App" */ = {
			isa = XCConfigurationList;
			buildConfigurations = (
				DD39EC35246578FA001BDA02 /* Debug */,
				DD39EC36246578FA001BDA02 /* Release */,
			);
			defaultConfigurationIsVisible = 0;
			defaultConfigurationName = Release;
		};
		DD39EC37246578FA001BDA02 /* Build configuration list for PBXNativeTarget "Weather App" */ = {
			isa = XCConfigurationList;
			buildConfigurations = (
				DD39EC38246578FA001BDA02 /* Debug */,
				DD39EC39246578FA001BDA02 /* Release */,
			);
			defaultConfigurationIsVisible = 0;
			defaultConfigurationName = Release;
		};
		DD39EC3A246578FA001BDA02 /* Build configuration list for PBXNativeTarget "Weather AppTests" */ = {
			isa = XCConfigurationList;
			buildConfigurations = (
				DD39EC3B246578FA001BDA02 /* Debug */,
				DD39EC3C246578FA001BDA02 /* Release */,
			);
			defaultConfigurationIsVisible = 0;
			defaultConfigurationName = Release;
		};
		DD39EC3D246578FA001BDA02 /* Build configuration list for PBXNativeTarget "Weather AppUITests" */ = {
			isa = XCConfigurationList;
			buildConfigurations = (
				DD39EC3E246578FA001BDA02 /* Debug */,
				DD39EC3F246578FA001BDA02 /* Release */,
			);
			defaultConfigurationIsVisible = 0;
			defaultConfigurationName = Release;
		};
/* End XCConfigurationList section */
	};
	rootObject = DD39EC05246578F9001BDA02 /* Project object */;
}
